// !$*UTF8*$!
{
	archiveVersion = 1;
	classes = {
	};
	objectVersion = 46;
	objects = {

/* Begin PBXBuildFile section */
		BF0D43B51D235DDA0012372B /* FoursquareRequest.swift in Sources */ = {isa = PBXBuildFile; fileRef = BF0D43B41D235DDA0012372B /* FoursquareRequest.swift */; };
		BF1DF7A31D209E9A00F299F7 /* AppDelegate.swift in Sources */ = {isa = PBXBuildFile; fileRef = BF1DF7A21D209E9A00F299F7 /* AppDelegate.swift */; };
		BF1DF7A51D209E9A00F299F7 /* ReminderViewController.swift in Sources */ = {isa = PBXBuildFile; fileRef = BF1DF7A41D209E9A00F299F7 /* ReminderViewController.swift */; };
		BF1DF7A81D209E9A00F299F7 /* Main.storyboard in Resources */ = {isa = PBXBuildFile; fileRef = BF1DF7A61D209E9A00F299F7 /* Main.storyboard */; };
		BF1DF7AB1D209E9A00F299F7 /* wakeMeUp2.xcdatamodeld in Sources */ = {isa = PBXBuildFile; fileRef = BF1DF7A91D209E9A00F299F7 /* wakeMeUp2.xcdatamodeld */; };
		BF1DF7AD1D209E9A00F299F7 /* Assets.xcassets in Resources */ = {isa = PBXBuildFile; fileRef = BF1DF7AC1D209E9A00F299F7 /* Assets.xcassets */; };
		BF1DF7B01D209E9A00F299F7 /* LaunchScreen.storyboard in Resources */ = {isa = PBXBuildFile; fileRef = BF1DF7AE1D209E9A00F299F7 /* LaunchScreen.storyboard */; };
		BF1DF7BB1D209E9A00F299F7 /* wakeMeUp2Tests.swift in Sources */ = {isa = PBXBuildFile; fileRef = BF1DF7BA1D209E9A00F299F7 /* wakeMeUp2Tests.swift */; };
		BF1DF7C61D209E9B00F299F7 /* wakeMeUp2UITests.swift in Sources */ = {isa = PBXBuildFile; fileRef = BF1DF7C51D209E9B00F299F7 /* wakeMeUp2UITests.swift */; };
		BF4AD5111D24490B0031AAF4 /* Keys.swift in Sources */ = {isa = PBXBuildFile; fileRef = BF4AD5101D24490B0031AAF4 /* Keys.swift */; };
		BF86D1171D29FD9700A5189F /* Weather.swift in Sources */ = {isa = PBXBuildFile; fileRef = BF86D1161D29FD9700A5189F /* Weather.swift */; };
		BF93AD231D2C87CD003B73D6 /* ConfigurationViewController.swift in Sources */ = {isa = PBXBuildFile; fileRef = BF93AD221D2C87CD003B73D6 /* ConfigurationViewController.swift */; };
		BFA5F4361D21F7190016ABB1 /* MapViewController.swift in Sources */ = {isa = PBXBuildFile; fileRef = BFA5F4351D21F7190016ABB1 /* MapViewController.swift */; };
		BFA5F4381D21F7260016ABB1 /* NewsViewController.swift in Sources */ = {isa = PBXBuildFile; fileRef = BFA5F4371D21F7260016ABB1 /* NewsViewController.swift */; };
		BFC276C31D24431C003E69F4 /* FoodAnnotation.swift in Sources */ = {isa = PBXBuildFile; fileRef = BFC276C21D24431C003E69F4 /* FoodAnnotation.swift */; };
		BFC276C51D244388003E69F4 /* Place.swift in Sources */ = {isa = PBXBuildFile; fileRef = BFC276C41D244388003E69F4 /* Place.swift */; };
		BFCB08281D288CB400A45FE0 /* TwitterRequest.swift in Sources */ = {isa = PBXBuildFile; fileRef = BFCB08271D288CB400A45FE0 /* TwitterRequest.swift */; };
		BFD43A251D2997C000C2547A /* WeatherRequest.swift in Sources */ = {isa = PBXBuildFile; fileRef = BFD43A241D2997C000C2547A /* WeatherRequest.swift */; };
		BFD43A271D29AD0900C2547A /* Request.swift in Sources */ = {isa = PBXBuildFile; fileRef = BFD43A261D29AD0900C2547A /* Request.swift */; };
		BFD7AFCC1D26D18D00DCB120 /* NewsCell.swift in Sources */ = {isa = PBXBuildFile; fileRef = BFD7AFCB1D26D18D00DCB120 /* NewsCell.swift */; };
		BFD7AFCE1D26D2A400DCB120 /* NewsRequest.swift in Sources */ = {isa = PBXBuildFile; fileRef = BFD7AFCD1D26D2A400DCB120 /* NewsRequest.swift */; };
		BFD7AFD01D26D54C00DCB120 /* News.swift in Sources */ = {isa = PBXBuildFile; fileRef = BFD7AFCF1D26D54C00DCB120 /* News.swift */; };
		BFE0D5FE1D2AE2D800CCF916 /* ReminderCell.swift in Sources */ = {isa = PBXBuildFile; fileRef = BFE0D5FD1D2AE2D800CCF916 /* ReminderCell.swift */; };
		BFE0D6001D2AF0E200CCF916 /* Reminders.swift in Sources */ = {isa = PBXBuildFile; fileRef = BFE0D5FF1D2AF0E200CCF916 /* Reminders.swift */; };
		BFE0D6021D2B22A300CCF916 /* ReminderController.swift in Sources */ = {isa = PBXBuildFile; fileRef = BFE0D6011D2B22A300CCF916 /* ReminderController.swift */; };
		BFE0D6041D2B2FE800CCF916 /* Utils.swift in Sources */ = {isa = PBXBuildFile; fileRef = BFE0D6031D2B2FE800CCF916 /* Utils.swift */; };
		C51557432FEA92DA46D8A1E9 /* Pods_wakeMeUp2.framework in Frameworks */ = {isa = PBXBuildFile; fileRef = 4FFEA6827DD95FE7E8FDEAAC /* Pods_wakeMeUp2.framework */; };
/* End PBXBuildFile section */

/* Begin PBXContainerItemProxy section */
		BF1DF7B71D209E9A00F299F7 /* PBXContainerItemProxy */ = {
			isa = PBXContainerItemProxy;
			containerPortal = BF1DF7971D209E9A00F299F7 /* Project object */;
			proxyType = 1;
			remoteGlobalIDString = BF1DF79E1D209E9A00F299F7;
			remoteInfo = wakeMeUp2;
		};
		BF1DF7C21D209E9B00F299F7 /* PBXContainerItemProxy */ = {
			isa = PBXContainerItemProxy;
			containerPortal = BF1DF7971D209E9A00F299F7 /* Project object */;
			proxyType = 1;
			remoteGlobalIDString = BF1DF79E1D209E9A00F299F7;
			remoteInfo = wakeMeUp2;
		};
/* End PBXContainerItemProxy section */

/* Begin PBXFileReference section */
		09AC810007B97A5B270DB67E /* Pods-wakeMeUp2.release.xcconfig */ = {isa = PBXFileReference; includeInIndex = 1; lastKnownFileType = text.xcconfig; name = "Pods-wakeMeUp2.release.xcconfig"; path = "Pods/Target Support Files/Pods-wakeMeUp2/Pods-wakeMeUp2.release.xcconfig"; sourceTree = "<group>"; };
		4FFEA6827DD95FE7E8FDEAAC /* Pods_wakeMeUp2.framework */ = {isa = PBXFileReference; explicitFileType = wrapper.framework; includeInIndex = 0; path = Pods_wakeMeUp2.framework; sourceTree = BUILT_PRODUCTS_DIR; };
		B4CE92EE41BBFCE2184237E0 /* Pods-wakeMeUp2.debug.xcconfig */ = {isa = PBXFileReference; includeInIndex = 1; lastKnownFileType = text.xcconfig; name = "Pods-wakeMeUp2.debug.xcconfig"; path = "Pods/Target Support Files/Pods-wakeMeUp2/Pods-wakeMeUp2.debug.xcconfig"; sourceTree = "<group>"; };
		BF0D43B41D235DDA0012372B /* FoursquareRequest.swift */ = {isa = PBXFileReference; fileEncoding = 4; lastKnownFileType = sourcecode.swift; path = FoursquareRequest.swift; sourceTree = "<group>"; };
		BF1DF79F1D209E9A00F299F7 /* wakeMeUp2.app */ = {isa = PBXFileReference; explicitFileType = wrapper.application; includeInIndex = 0; path = wakeMeUp2.app; sourceTree = BUILT_PRODUCTS_DIR; };
		BF1DF7A21D209E9A00F299F7 /* AppDelegate.swift */ = {isa = PBXFileReference; lastKnownFileType = sourcecode.swift; path = AppDelegate.swift; sourceTree = "<group>"; };
		BF1DF7A41D209E9A00F299F7 /* ReminderViewController.swift */ = {isa = PBXFileReference; lastKnownFileType = sourcecode.swift; path = ReminderViewController.swift; sourceTree = "<group>"; };
		BF1DF7A71D209E9A00F299F7 /* Base */ = {isa = PBXFileReference; lastKnownFileType = file.storyboard; name = Base; path = Base.lproj/Main.storyboard; sourceTree = "<group>"; };
		BF1DF7AA1D209E9A00F299F7 /* wakeMeUp2.xcdatamodel */ = {isa = PBXFileReference; lastKnownFileType = wrapper.xcdatamodel; path = wakeMeUp2.xcdatamodel; sourceTree = "<group>"; };
		BF1DF7AC1D209E9A00F299F7 /* Assets.xcassets */ = {isa = PBXFileReference; lastKnownFileType = folder.assetcatalog; path = Assets.xcassets; sourceTree = "<group>"; };
		BF1DF7AF1D209E9A00F299F7 /* Base */ = {isa = PBXFileReference; lastKnownFileType = file.storyboard; name = Base; path = Base.lproj/LaunchScreen.storyboard; sourceTree = "<group>"; };
		BF1DF7B11D209E9A00F299F7 /* Info.plist */ = {isa = PBXFileReference; lastKnownFileType = text.plist.xml; path = Info.plist; sourceTree = "<group>"; };
		BF1DF7B61D209E9A00F299F7 /* wakeMeUp2Tests.xctest */ = {isa = PBXFileReference; explicitFileType = wrapper.cfbundle; includeInIndex = 0; path = wakeMeUp2Tests.xctest; sourceTree = BUILT_PRODUCTS_DIR; };
		BF1DF7BA1D209E9A00F299F7 /* wakeMeUp2Tests.swift */ = {isa = PBXFileReference; lastKnownFileType = sourcecode.swift; path = wakeMeUp2Tests.swift; sourceTree = "<group>"; };
		BF1DF7BC1D209E9A00F299F7 /* Info.plist */ = {isa = PBXFileReference; lastKnownFileType = text.plist.xml; path = Info.plist; sourceTree = "<group>"; };
		BF1DF7C11D209E9B00F299F7 /* wakeMeUp2UITests.xctest */ = {isa = PBXFileReference; explicitFileType = wrapper.cfbundle; includeInIndex = 0; path = wakeMeUp2UITests.xctest; sourceTree = BUILT_PRODUCTS_DIR; };
		BF1DF7C51D209E9B00F299F7 /* wakeMeUp2UITests.swift */ = {isa = PBXFileReference; lastKnownFileType = sourcecode.swift; path = wakeMeUp2UITests.swift; sourceTree = "<group>"; };
		BF1DF7C71D209E9B00F299F7 /* Info.plist */ = {isa = PBXFileReference; lastKnownFileType = text.plist.xml; path = Info.plist; sourceTree = "<group>"; };
		BF4AD5101D24490B0031AAF4 /* Keys.swift */ = {isa = PBXFileReference; fileEncoding = 4; lastKnownFileType = sourcecode.swift; path = Keys.swift; sourceTree = "<group>"; };
		BF86D1161D29FD9700A5189F /* Weather.swift */ = {isa = PBXFileReference; fileEncoding = 4; lastKnownFileType = sourcecode.swift; path = Weather.swift; sourceTree = "<group>"; };
		BF93AD221D2C87CD003B73D6 /* ConfigurationViewController.swift */ = {isa = PBXFileReference; fileEncoding = 4; lastKnownFileType = sourcecode.swift; path = ConfigurationViewController.swift; sourceTree = "<group>"; };
		BFA5F4351D21F7190016ABB1 /* MapViewController.swift */ = {isa = PBXFileReference; fileEncoding = 4; lastKnownFileType = sourcecode.swift; path = MapViewController.swift; sourceTree = "<group>"; };
		BFA5F4371D21F7260016ABB1 /* NewsViewController.swift */ = {isa = PBXFileReference; fileEncoding = 4; lastKnownFileType = sourcecode.swift; path = NewsViewController.swift; sourceTree = "<group>"; };
		BFC276C21D24431C003E69F4 /* FoodAnnotation.swift */ = {isa = PBXFileReference; fileEncoding = 4; lastKnownFileType = sourcecode.swift; path = FoodAnnotation.swift; sourceTree = "<group>"; };
		BFC276C41D244388003E69F4 /* Place.swift */ = {isa = PBXFileReference; fileEncoding = 4; lastKnownFileType = sourcecode.swift; path = Place.swift; sourceTree = "<group>"; };
		BFCB08271D288CB400A45FE0 /* TwitterRequest.swift */ = {isa = PBXFileReference; fileEncoding = 4; lastKnownFileType = sourcecode.swift; path = TwitterRequest.swift; sourceTree = "<group>"; };
		BFD43A241D2997C000C2547A /* WeatherRequest.swift */ = {isa = PBXFileReference; fileEncoding = 4; lastKnownFileType = sourcecode.swift; path = WeatherRequest.swift; sourceTree = "<group>"; };
		BFD43A261D29AD0900C2547A /* Request.swift */ = {isa = PBXFileReference; fileEncoding = 4; lastKnownFileType = sourcecode.swift; path = Request.swift; sourceTree = "<group>"; };
		BFD7AFCB1D26D18D00DCB120 /* NewsCell.swift */ = {isa = PBXFileReference; fileEncoding = 4; lastKnownFileType = sourcecode.swift; path = NewsCell.swift; sourceTree = "<group>"; };
		BFD7AFCD1D26D2A400DCB120 /* NewsRequest.swift */ = {isa = PBXFileReference; fileEncoding = 4; lastKnownFileType = sourcecode.swift; path = NewsRequest.swift; sourceTree = "<group>"; };
		BFD7AFCF1D26D54C00DCB120 /* News.swift */ = {isa = PBXFileReference; fileEncoding = 4; lastKnownFileType = sourcecode.swift; path = News.swift; sourceTree = "<group>"; };
		BFE0D5FD1D2AE2D800CCF916 /* ReminderCell.swift */ = {isa = PBXFileReference; fileEncoding = 4; lastKnownFileType = sourcecode.swift; path = ReminderCell.swift; sourceTree = "<group>"; };
		BFE0D5FF1D2AF0E200CCF916 /* Reminders.swift */ = {isa = PBXFileReference; fileEncoding = 4; lastKnownFileType = sourcecode.swift; path = Reminders.swift; sourceTree = "<group>"; };
		BFE0D6011D2B22A300CCF916 /* ReminderController.swift */ = {isa = PBXFileReference; fileEncoding = 4; lastKnownFileType = sourcecode.swift; path = ReminderController.swift; sourceTree = "<group>"; };
		BFE0D6031D2B2FE800CCF916 /* Utils.swift */ = {isa = PBXFileReference; fileEncoding = 4; lastKnownFileType = sourcecode.swift; path = Utils.swift; sourceTree = "<group>"; };
/* End PBXFileReference section */

/* Begin PBXFrameworksBuildPhase section */
		BF1DF79C1D209E9A00F299F7 /* Frameworks */ = {
			isa = PBXFrameworksBuildPhase;
			buildActionMask = 2147483647;
			files = (
				C51557432FEA92DA46D8A1E9 /* Pods_wakeMeUp2.framework in Frameworks */,
			);
			runOnlyForDeploymentPostprocessing = 0;
		};
		BF1DF7B31D209E9A00F299F7 /* Frameworks */ = {
			isa = PBXFrameworksBuildPhase;
			buildActionMask = 2147483647;
			files = (
			);
			runOnlyForDeploymentPostprocessing = 0;
		};
		BF1DF7BE1D209E9B00F299F7 /* Frameworks */ = {
			isa = PBXFrameworksBuildPhase;
			buildActionMask = 2147483647;
			files = (
			);
			runOnlyForDeploymentPostprocessing = 0;
		};
/* End PBXFrameworksBuildPhase section */

/* Begin PBXGroup section */
		6C5C8DD5DEA1C2D17D8D8A24 /* Frameworks */ = {
			isa = PBXGroup;
			children = (
				4FFEA6827DD95FE7E8FDEAAC /* Pods_wakeMeUp2.framework */,
			);
			name = Frameworks;
			sourceTree = "<group>";
		};
		968EB1A17A08E5E84A329C99 /* Pods */ = {
			isa = PBXGroup;
			children = (
				B4CE92EE41BBFCE2184237E0 /* Pods-wakeMeUp2.debug.xcconfig */,
				09AC810007B97A5B270DB67E /* Pods-wakeMeUp2.release.xcconfig */,
			);
			name = Pods;
			sourceTree = "<group>";
		};
		BF0D43B31D235DC60012372B /* Api */ = {
			isa = PBXGroup;
			children = (
				BF0D43B41D235DDA0012372B /* FoursquareRequest.swift */,
				BFD7AFCD1D26D2A400DCB120 /* NewsRequest.swift */,
				BFCB08271D288CB400A45FE0 /* TwitterRequest.swift */,
				BFD43A241D2997C000C2547A /* WeatherRequest.swift */,
				BFD43A261D29AD0900C2547A /* Request.swift */,
				BFE0D5FF1D2AF0E200CCF916 /* Reminders.swift */,
				BFE0D6031D2B2FE800CCF916 /* Utils.swift */,
			);
			name = Api;
			sourceTree = "<group>";
		};
		BF1DF7961D209E9A00F299F7 = {
			isa = PBXGroup;
			children = (
				BF1DF7A11D209E9A00F299F7 /* wakeMeUp2 */,
				BF1DF7B91D209E9A00F299F7 /* wakeMeUp2Tests */,
				BF1DF7C41D209E9B00F299F7 /* wakeMeUp2UITests */,
				BF1DF7A01D209E9A00F299F7 /* Products */,
				968EB1A17A08E5E84A329C99 /* Pods */,
				6C5C8DD5DEA1C2D17D8D8A24 /* Frameworks */,
			);
			sourceTree = "<group>";
		};
		BF1DF7A01D209E9A00F299F7 /* Products */ = {
			isa = PBXGroup;
			children = (
				BF1DF79F1D209E9A00F299F7 /* wakeMeUp2.app */,
				BF1DF7B61D209E9A00F299F7 /* wakeMeUp2Tests.xctest */,
				BF1DF7C11D209E9B00F299F7 /* wakeMeUp2UITests.xctest */,
			);
			name = Products;
			sourceTree = "<group>";
		};
		BF1DF7A11D209E9A00F299F7 /* wakeMeUp2 */ = {
			isa = PBXGroup;
			children = (
				BFD7AFCA1D26D16300DCB120 /* ConfigFiles */,
				BFC276C11D2442F0003E69F4 /* Models */,
				BF0D43B31D235DC60012372B /* Api */,
				BFA5F4341D21F6EF0016ABB1 /* Controllers */,
				BF1DF7A61D209E9A00F299F7 /* Main.storyboard */,
				BF1DF7AE1D209E9A00F299F7 /* LaunchScreen.storyboard */,
			);
			path = wakeMeUp2;
			sourceTree = "<group>";
		};
		BF1DF7B91D209E9A00F299F7 /* wakeMeUp2Tests */ = {
			isa = PBXGroup;
			children = (
				BF1DF7BA1D209E9A00F299F7 /* wakeMeUp2Tests.swift */,
				BF1DF7BC1D209E9A00F299F7 /* Info.plist */,
			);
			path = wakeMeUp2Tests;
			sourceTree = "<group>";
		};
		BF1DF7C41D209E9B00F299F7 /* wakeMeUp2UITests */ = {
			isa = PBXGroup;
			children = (
				BF1DF7C51D209E9B00F299F7 /* wakeMeUp2UITests.swift */,
				BF1DF7C71D209E9B00F299F7 /* Info.plist */,
			);
			path = wakeMeUp2UITests;
			sourceTree = "<group>";
		};
		BFA5F4341D21F6EF0016ABB1 /* Controllers */ = {
			isa = PBXGroup;
			children = (
				BF1DF7A41D209E9A00F299F7 /* ReminderViewController.swift */,
				BFA5F4351D21F7190016ABB1 /* MapViewController.swift */,
				BFA5F4371D21F7260016ABB1 /* NewsViewController.swift */,
				BFE0D6011D2B22A300CCF916 /* ReminderController.swift */,
				BF93AD221D2C87CD003B73D6 /* ConfigurationViewController.swift */,
			);
			name = Controllers;
			sourceTree = "<group>";
		};
		BFC276C11D2442F0003E69F4 /* Models */ = {
			isa = PBXGroup;
			children = (
				BF1DF7A91D209E9A00F299F7 /* wakeMeUp2.xcdatamodeld */,
				BFC276C21D24431C003E69F4 /* FoodAnnotation.swift */,
				BFC276C41D244388003E69F4 /* Place.swift */,
				BFD7AFCF1D26D54C00DCB120 /* News.swift */,
				BF86D1161D29FD9700A5189F /* Weather.swift */,
			);
			name = Models;
			sourceTree = "<group>";
		};
		BFD7AFCA1D26D16300DCB120 /* ConfigFiles */ = {
			isa = PBXGroup;
			children = (
				BF1DF7A21D209E9A00F299F7 /* AppDelegate.swift */,
				BF4AD5101D24490B0031AAF4 /* Keys.swift */,
				BFD7AFCB1D26D18D00DCB120 /* NewsCell.swift */,
				BFE0D5FD1D2AE2D800CCF916 /* ReminderCell.swift */,
				BF1DF7B11D209E9A00F299F7 /* Info.plist */,
				BF1DF7AC1D209E9A00F299F7 /* Assets.xcassets */,
			);
			name = ConfigFiles;
			sourceTree = "<group>";
		};
/* End PBXGroup section */

/* Begin PBXNativeTarget section */
		BF1DF79E1D209E9A00F299F7 /* wakeMeUp2 */ = {
			isa = PBXNativeTarget;
			buildConfigurationList = BF1DF7CA1D209E9B00F299F7 /* Build configuration list for PBXNativeTarget "wakeMeUp2" */;
			buildPhases = (
				361462CD53AD3FFFEBC624C0 /* [CP] Check Pods Manifest.lock */,
				BF1DF79B1D209E9A00F299F7 /* Sources */,
				BF1DF79C1D209E9A00F299F7 /* Frameworks */,
				BF1DF79D1D209E9A00F299F7 /* Resources */,
				A8A7583A930D5E62C7678DB7 /* [CP] Embed Pods Frameworks */,
				5EB51A0A3FB83AFC313CC9C6 /* [CP] Copy Pods Resources */,
				BFCB08291D289D0C00A45FE0 /* Run Script */,
			);
			buildRules = (
			);
			dependencies = (
			);
			name = wakeMeUp2;
			productName = wakeMeUp2;
			productReference = BF1DF79F1D209E9A00F299F7 /* wakeMeUp2.app */;
			productType = "com.apple.product-type.application";
		};
		BF1DF7B51D209E9A00F299F7 /* wakeMeUp2Tests */ = {
			isa = PBXNativeTarget;
			buildConfigurationList = BF1DF7CD1D209E9B00F299F7 /* Build configuration list for PBXNativeTarget "wakeMeUp2Tests" */;
			buildPhases = (
				BF1DF7B21D209E9A00F299F7 /* Sources */,
				BF1DF7B31D209E9A00F299F7 /* Frameworks */,
				BF1DF7B41D209E9A00F299F7 /* Resources */,
			);
			buildRules = (
			);
			dependencies = (
				BF1DF7B81D209E9A00F299F7 /* PBXTargetDependency */,
			);
			name = wakeMeUp2Tests;
			productName = wakeMeUp2Tests;
			productReference = BF1DF7B61D209E9A00F299F7 /* wakeMeUp2Tests.xctest */;
			productType = "com.apple.product-type.bundle.unit-test";
		};
		BF1DF7C01D209E9B00F299F7 /* wakeMeUp2UITests */ = {
			isa = PBXNativeTarget;
			buildConfigurationList = BF1DF7D01D209E9B00F299F7 /* Build configuration list for PBXNativeTarget "wakeMeUp2UITests" */;
			buildPhases = (
				BF1DF7BD1D209E9B00F299F7 /* Sources */,
				BF1DF7BE1D209E9B00F299F7 /* Frameworks */,
				BF1DF7BF1D209E9B00F299F7 /* Resources */,
			);
			buildRules = (
			);
			dependencies = (
				BF1DF7C31D209E9B00F299F7 /* PBXTargetDependency */,
			);
			name = wakeMeUp2UITests;
			productName = wakeMeUp2UITests;
			productReference = BF1DF7C11D209E9B00F299F7 /* wakeMeUp2UITests.xctest */;
			productType = "com.apple.product-type.bundle.ui-testing";
		};
/* End PBXNativeTarget section */

/* Begin PBXProject section */
		BF1DF7971D209E9A00F299F7 /* Project object */ = {
			isa = PBXProject;
			attributes = {
				LastSwiftUpdateCheck = 0730;
				LastUpgradeCheck = 0730;
				ORGANIZATIONNAME = "vicente rodriguez";
				TargetAttributes = {
					BF1DF79E1D209E9A00F299F7 = {
						CreatedOnToolsVersion = 7.3.1;
						DevelopmentTeam = BJRVSDXBD2;
					};
					BF1DF7B51D209E9A00F299F7 = {
						CreatedOnToolsVersion = 7.3.1;
						DevelopmentTeam = BJRVSDXBD2;
						TestTargetID = BF1DF79E1D209E9A00F299F7;
					};
					BF1DF7C01D209E9B00F299F7 = {
						CreatedOnToolsVersion = 7.3.1;
						DevelopmentTeam = BJRVSDXBD2;
						TestTargetID = BF1DF79E1D209E9A00F299F7;
					};
				};
			};
			buildConfigurationList = BF1DF79A1D209E9A00F299F7 /* Build configuration list for PBXProject "wakeMeUp2" */;
			compatibilityVersion = "Xcode 3.2";
			developmentRegion = English;
			hasScannedForEncodings = 0;
			knownRegions = (
				en,
				Base,
			);
			mainGroup = BF1DF7961D209E9A00F299F7;
			productRefGroup = BF1DF7A01D209E9A00F299F7 /* Products */;
			projectDirPath = "";
			projectRoot = "";
			targets = (
				BF1DF79E1D209E9A00F299F7 /* wakeMeUp2 */,
				BF1DF7B51D209E9A00F299F7 /* wakeMeUp2Tests */,
				BF1DF7C01D209E9B00F299F7 /* wakeMeUp2UITests */,
			);
		};
/* End PBXProject section */

/* Begin PBXResourcesBuildPhase section */
		BF1DF79D1D209E9A00F299F7 /* Resources */ = {
			isa = PBXResourcesBuildPhase;
			buildActionMask = 2147483647;
			files = (
				BF1DF7B01D209E9A00F299F7 /* LaunchScreen.storyboard in Resources */,
				BF1DF7AD1D209E9A00F299F7 /* Assets.xcassets in Resources */,
				BF1DF7A81D209E9A00F299F7 /* Main.storyboard in Resources */,
			);
			runOnlyForDeploymentPostprocessing = 0;
		};
		BF1DF7B41D209E9A00F299F7 /* Resources */ = {
			isa = PBXResourcesBuildPhase;
			buildActionMask = 2147483647;
			files = (
			);
			runOnlyForDeploymentPostprocessing = 0;
		};
		BF1DF7BF1D209E9B00F299F7 /* Resources */ = {
			isa = PBXResourcesBuildPhase;
			buildActionMask = 2147483647;
			files = (
			);
			runOnlyForDeploymentPostprocessing = 0;
		};
/* End PBXResourcesBuildPhase section */

/* Begin PBXShellScriptBuildPhase section */
		361462CD53AD3FFFEBC624C0 /* [CP] Check Pods Manifest.lock */ = {
			isa = PBXShellScriptBuildPhase;
			buildActionMask = 2147483647;
			files = (
			);
			inputPaths = (
			);
			name = "[CP] Check Pods Manifest.lock";
			outputPaths = (
			);
			runOnlyForDeploymentPostprocessing = 0;
			shellPath = /bin/sh;
			shellScript = "diff \"${PODS_ROOT}/../Podfile.lock\" \"${PODS_ROOT}/Manifest.lock\" > /dev/null\nif [[ $? != 0 ]] ; then\n    cat << EOM\nerror: The sandbox is not in sync with the Podfile.lock. Run 'pod install' or update your CocoaPods installation.\nEOM\n    exit 1\nfi\n";
			showEnvVarsInLog = 0;
		};
		5EB51A0A3FB83AFC313CC9C6 /* [CP] Copy Pods Resources */ = {
			isa = PBXShellScriptBuildPhase;
			buildActionMask = 2147483647;
			files = (
			);
			inputPaths = (
			);
			name = "[CP] Copy Pods Resources";
			outputPaths = (
			);
			runOnlyForDeploymentPostprocessing = 0;
			shellPath = /bin/sh;
			shellScript = "\"${SRCROOT}/Pods/Target Support Files/Pods-wakeMeUp2/Pods-wakeMeUp2-resources.sh\"\n";
			showEnvVarsInLog = 0;
		};
		A8A7583A930D5E62C7678DB7 /* [CP] Embed Pods Frameworks */ = {
			isa = PBXShellScriptBuildPhase;
			buildActionMask = 2147483647;
			files = (
			);
			inputPaths = (
			);
			name = "[CP] Embed Pods Frameworks";
			outputPaths = (
			);
			runOnlyForDeploymentPostprocessing = 0;
			shellPath = /bin/sh;
			shellScript = "\"${SRCROOT}/Pods/Target Support Files/Pods-wakeMeUp2/Pods-wakeMeUp2-frameworks.sh\"\n";
			showEnvVarsInLog = 0;
		};
		BFCB08291D289D0C00A45FE0 /* Run Script */ = {
			isa = PBXShellScriptBuildPhase;
			buildActionMask = 2147483647;
			files = (
			);
			inputPaths = (
			);
			name = "Run Script";
			outputPaths = (
			);
			runOnlyForDeploymentPostprocessing = 0;
			shellPath = /bin/sh;
			shellScript = "\"${PODS_ROOT}/Fabric/run\" c75f94c7e0f3562255b51bf62c1ab16e3efa0a9d 643cb43037a95c456294bd0a92ab9a6d512da2222c40322ab1e2cb5e9c4009c1";
		};
/* End PBXShellScriptBuildPhase section */

/* Begin PBXSourcesBuildPhase section */
		BF1DF79B1D209E9A00F299F7 /* Sources */ = {
			isa = PBXSourcesBuildPhase;
			buildActionMask = 2147483647;
			files = (
				BFE0D6021D2B22A300CCF916 /* ReminderController.swift in Sources */,
				BFE0D5FE1D2AE2D800CCF916 /* ReminderCell.swift in Sources */,
				BF4AD5111D24490B0031AAF4 /* Keys.swift in Sources */,
				BF1DF7A51D209E9A00F299F7 /* ReminderViewController.swift in Sources */,
				BFE0D6001D2AF0E200CCF916 /* Reminders.swift in Sources */,
				BFC276C31D24431C003E69F4 /* FoodAnnotation.swift in Sources */,
				BF0D43B51D235DDA0012372B /* FoursquareRequest.swift in Sources */,
				BFCB08281D288CB400A45FE0 /* TwitterRequest.swift in Sources */,
				BFD7AFCC1D26D18D00DCB120 /* NewsCell.swift in Sources */,
				BFD43A251D2997C000C2547A /* WeatherRequest.swift in Sources */,
				BFD43A271D29AD0900C2547A /* Request.swift in Sources */,
				BF93AD231D2C87CD003B73D6 /* ConfigurationViewController.swift in Sources */,
				BF86D1171D29FD9700A5189F /* Weather.swift in Sources */,
				BF1DF7AB1D209E9A00F299F7 /* wakeMeUp2.xcdatamodeld in Sources */,
				BFD7AFD01D26D54C00DCB120 /* News.swift in Sources */,
				BFD7AFCE1D26D2A400DCB120 /* NewsRequest.swift in Sources */,
				BFE0D6041D2B2FE800CCF916 /* Utils.swift in Sources */,
				BF1DF7A31D209E9A00F299F7 /* AppDelegate.swift in Sources */,
				BFA5F4381D21F7260016ABB1 /* NewsViewController.swift in Sources */,
				BFA5F4361D21F7190016ABB1 /* MapViewController.swift in Sources */,
				BFC276C51D244388003E69F4 /* Place.swift in Sources */,
			);
			runOnlyForDeploymentPostprocessing = 0;
		};
		BF1DF7B21D209E9A00F299F7 /* Sources */ = {
			isa = PBXSourcesBuildPhase;
			buildActionMask = 2147483647;
			files = (
				BF1DF7BB1D209E9A00F299F7 /* wakeMeUp2Tests.swift in Sources */,
			);
			runOnlyForDeploymentPostprocessing = 0;
		};
		BF1DF7BD1D209E9B00F299F7 /* Sources */ = {
			isa = PBXSourcesBuildPhase;
			buildActionMask = 2147483647;
			files = (
				BF1DF7C61D209E9B00F299F7 /* wakeMeUp2UITests.swift in Sources */,
			);
			runOnlyForDeploymentPostprocessing = 0;
		};
/* End PBXSourcesBuildPhase section */

/* Begin PBXTargetDependency section */
		BF1DF7B81D209E9A00F299F7 /* PBXTargetDependency */ = {
			isa = PBXTargetDependency;
			target = BF1DF79E1D209E9A00F299F7 /* wakeMeUp2 */;
			targetProxy = BF1DF7B71D209E9A00F299F7 /* PBXContainerItemProxy */;
		};
		BF1DF7C31D209E9B00F299F7 /* PBXTargetDependency */ = {
			isa = PBXTargetDependency;
			target = BF1DF79E1D209E9A00F299F7 /* wakeMeUp2 */;
			targetProxy = BF1DF7C21D209E9B00F299F7 /* PBXContainerItemProxy */;
		};
/* End PBXTargetDependency section */

/* Begin PBXVariantGroup section */
		BF1DF7A61D209E9A00F299F7 /* Main.storyboard */ = {
			isa = PBXVariantGroup;
			children = (
				BF1DF7A71D209E9A00F299F7 /* Base */,
			);
			name = Main.storyboard;
			sourceTree = "<group>";
		};
		BF1DF7AE1D209E9A00F299F7 /* LaunchScreen.storyboard */ = {
			isa = PBXVariantGroup;
			children = (
				BF1DF7AF1D209E9A00F299F7 /* Base */,
			);
			name = LaunchScreen.storyboard;
			sourceTree = "<group>";
		};
/* End PBXVariantGroup section */

/* Begin XCBuildConfiguration section */
		BF1DF7C81D209E9B00F299F7 /* Debug */ = {
			isa = XCBuildConfiguration;
			buildSettings = {
				ALWAYS_SEARCH_USER_PATHS = NO;
				CLANG_ANALYZER_NONNULL = YES;
				CLANG_CXX_LANGUAGE_STANDARD = "gnu++0x";
				CLANG_CXX_LIBRARY = "libc++";
				CLANG_ENABLE_MODULES = YES;
				CLANG_ENABLE_OBJC_ARC = YES;
				CLANG_WARN_BOOL_CONVERSION = YES;
				CLANG_WARN_CONSTANT_CONVERSION = YES;
				CLANG_WARN_DIRECT_OBJC_ISA_USAGE = YES_ERROR;
				CLANG_WARN_EMPTY_BODY = YES;
				CLANG_WARN_ENUM_CONVERSION = YES;
				CLANG_WARN_INT_CONVERSION = YES;
				CLANG_WARN_OBJC_ROOT_CLASS = YES_ERROR;
				CLANG_WARN_UNREACHABLE_CODE = YES;
				CLANG_WARN__DUPLICATE_METHOD_MATCH = YES;
				"CODE_SIGN_IDENTITY[sdk=iphoneos*]" = "iPhone Developer";
				COPY_PHASE_STRIP = NO;
				DEBUG_INFORMATION_FORMAT = dwarf;
				ENABLE_STRICT_OBJC_MSGSEND = YES;
				ENABLE_TESTABILITY = YES;
				GCC_C_LANGUAGE_STANDARD = gnu99;
				GCC_DYNAMIC_NO_PIC = NO;
				GCC_NO_COMMON_BLOCKS = YES;
				GCC_OPTIMIZATION_LEVEL = 0;
				GCC_PREPROCESSOR_DEFINITIONS = (
					"DEBUG=1",
					"$(inherited)",
				);
				GCC_WARN_64_TO_32_BIT_CONVERSION = YES;
				GCC_WARN_ABOUT_RETURN_TYPE = YES_ERROR;
				GCC_WARN_UNDECLARED_SELECTOR = YES;
				GCC_WARN_UNINITIALIZED_AUTOS = YES_AGGRESSIVE;
				GCC_WARN_UNUSED_FUNCTION = YES;
				GCC_WARN_UNUSED_VARIABLE = YES;
				IPHONEOS_DEPLOYMENT_TARGET = 9.3;
				MTL_ENABLE_DEBUG_INFO = YES;
				ONLY_ACTIVE_ARCH = YES;
				SDKROOT = iphoneos;
				SWIFT_OPTIMIZATION_LEVEL = "-Onone";
				TARGETED_DEVICE_FAMILY = "1,2";
			};
			name = Debug;
		};
		BF1DF7C91D209E9B00F299F7 /* Release */ = {
			isa = XCBuildConfiguration;
			buildSettings = {
				ALWAYS_SEARCH_USER_PATHS = NO;
				CLANG_ANALYZER_NONNULL = YES;
				CLANG_CXX_LANGUAGE_STANDARD = "gnu++0x";
				CLANG_CXX_LIBRARY = "libc++";
				CLANG_ENABLE_MODULES = YES;
				CLANG_ENABLE_OBJC_ARC = YES;
				CLANG_WARN_BOOL_CONVERSION = YES;
				CLANG_WARN_CONSTANT_CONVERSION = YES;
				CLANG_WARN_DIRECT_OBJC_ISA_USAGE = YES_ERROR;
				CLANG_WARN_EMPTY_BODY = YES;
				CLANG_WARN_ENUM_CONVERSION = YES;
				CLANG_WARN_INT_CONVERSION = YES;
				CLANG_WARN_OBJC_ROOT_CLASS = YES_ERROR;
				CLANG_WARN_UNREACHABLE_CODE = YES;
				CLANG_WARN__DUPLICATE_METHOD_MATCH = YES;
				"CODE_SIGN_IDENTITY[sdk=iphoneos*]" = "iPhone Developer";
				COPY_PHASE_STRIP = NO;
				DEBUG_INFORMATION_FORMAT = "dwarf-with-dsym";
				ENABLE_NS_ASSERTIONS = NO;
				ENABLE_STRICT_OBJC_MSGSEND = YES;
				GCC_C_LANGUAGE_STANDARD = gnu99;
				GCC_NO_COMMON_BLOCKS = YES;
				GCC_WARN_64_TO_32_BIT_CONVERSION = YES;
				GCC_WARN_ABOUT_RETURN_TYPE = YES_ERROR;
				GCC_WARN_UNDECLARED_SELECTOR = YES;
				GCC_WARN_UNINITIALIZED_AUTOS = YES_AGGRESSIVE;
				GCC_WARN_UNUSED_FUNCTION = YES;
				GCC_WARN_UNUSED_VARIABLE = YES;
				IPHONEOS_DEPLOYMENT_TARGET = 9.3;
				MTL_ENABLE_DEBUG_INFO = NO;
				SDKROOT = iphoneos;
				TARGETED_DEVICE_FAMILY = "1,2";
				VALIDATE_PRODUCT = YES;
			};
			name = Release;
		};
		BF1DF7CB1D209E9B00F299F7 /* Debug */ = {
			isa = XCBuildConfiguration;
			baseConfigurationReference = B4CE92EE41BBFCE2184237E0 /* Pods-wakeMeUp2.debug.xcconfig */;
			buildSettings = {
				ASSETCATALOG_COMPILER_APPICON_NAME = AppIcon;
				INFOPLIST_FILE = wakeMeUp2/Info.plist;
				LD_RUNPATH_SEARCH_PATHS = "$(inherited) @executable_path/Frameworks";
				PRODUCT_BUNDLE_IDENTIFIER = com.vicenterodriguez.wakeMeUp2;
				PRODUCT_NAME = "$(TARGET_NAME)";
			};
			name = Debug;
		};
		BF1DF7CC1D209E9B00F299F7 /* Release */ = {
			isa = XCBuildConfiguration;
			baseConfigurationReference = 09AC810007B97A5B270DB67E /* Pods-wakeMeUp2.release.xcconfig */;
			buildSettings = {
				ASSETCATALOG_COMPILER_APPICON_NAME = AppIcon;
				INFOPLIST_FILE = wakeMeUp2/Info.plist;
				LD_RUNPATH_SEARCH_PATHS = "$(inherited) @executable_path/Frameworks";
				PRODUCT_BUNDLE_IDENTIFIER = com.vicenterodriguez.wakeMeUp2;
				PRODUCT_NAME = "$(TARGET_NAME)";
			};
			name = Release;
		};
		BF1DF7CE1D209E9B00F299F7 /* Debug */ = {
			isa = XCBuildConfiguration;
			buildSettings = {
				BUNDLE_LOADER = "$(TEST_HOST)";
				INFOPLIST_FILE = wakeMeUp2Tests/Info.plist;
				LD_RUNPATH_SEARCH_PATHS = "$(inherited) @executable_path/Frameworks @loader_path/Frameworks";
				PRODUCT_BUNDLE_IDENTIFIER = com.vicenterodriguez.wakeMeUp2Tests;
				PRODUCT_NAME = "$(TARGET_NAME)";
				TEST_HOST = "$(BUILT_PRODUCTS_DIR)/wakeMeUp2.app/wakeMeUp2";
			};
			name = Debug;
		};
		BF1DF7CF1D209E9B00F299F7 /* Release */ = {
			isa = XCBuildConfiguration;
			buildSettings = {
				BUNDLE_LOADER = "$(TEST_HOST)";
				INFOPLIST_FILE = wakeMeUp2Tests/Info.plist;
				LD_RUNPATH_SEARCH_PATHS = "$(inherited) @executable_path/Frameworks @loader_path/Frameworks";
				PRODUCT_BUNDLE_IDENTIFIER = com.vicenterodriguez.wakeMeUp2Tests;
				PRODUCT_NAME = "$(TARGET_NAME)";
				TEST_HOST = "$(BUILT_PRODUCTS_DIR)/wakeMeUp2.app/wakeMeUp2";
			};
			name = Release;
		};
		BF1DF7D11D209E9B00F299F7 /* Debug */ = {
			isa = XCBuildConfiguration;
			buildSettings = {
				INFOPLIST_FILE = wakeMeUp2UITests/Info.plist;
				LD_RUNPATH_SEARCH_PATHS = "$(inherited) @executable_path/Frameworks @loader_path/Frameworks";
				PRODUCT_BUNDLE_IDENTIFIER = com.vicenterodriguez.wakeMeUp2UITests;
				PRODUCT_NAME = "$(TARGET_NAME)";
				TEST_TARGET_NAME = wakeMeUp2;
			};
			name = Debug;
		};
		BF1DF7D21D209E9B00F299F7 /* Release */ = {
			isa = XCBuildConfiguration;
			buildSettings = {
				INFOPLIST_FILE = wakeMeUp2UITests/Info.plist;
				LD_RUNPATH_SEARCH_PATHS = "$(inherited) @executable_path/Frameworks @loader_path/Frameworks";
				PRODUCT_BUNDLE_IDENTIFIER = com.vicenterodriguez.wakeMeUp2UITests;
				PRODUCT_NAME = "$(TARGET_NAME)";
				TEST_TARGET_NAME = wakeMeUp2;
			};
			name = Release;
		};
/* End XCBuildConfiguration section */

/* Begin XCConfigurationList section */
		BF1DF79A1D209E9A00F299F7 /* Build configuration list for PBXProject "wakeMeUp2" */ = {
			isa = XCConfigurationList;
			buildConfigurations = (
				BF1DF7C81D209E9B00F299F7 /* Debug */,
				BF1DF7C91D209E9B00F299F7 /* Release */,
			);
			defaultConfigurationIsVisible = 0;
			defaultConfigurationName = Release;
		};
		BF1DF7CA1D209E9B00F299F7 /* Build configuration list for PBXNativeTarget "wakeMeUp2" */ = {
			isa = XCConfigurationList;
			buildConfigurations = (
				BF1DF7CB1D209E9B00F299F7 /* Debug */,
				BF1DF7CC1D209E9B00F299F7 /* Release */,
			);
			defaultConfigurationIsVisible = 0;
			defaultConfigurationName = Release;
		};
		BF1DF7CD1D209E9B00F299F7 /* Build configuration list for PBXNativeTarget "wakeMeUp2Tests" */ = {
			isa = XCConfigurationList;
			buildConfigurations = (
				BF1DF7CE1D209E9B00F299F7 /* Debug */,
				BF1DF7CF1D209E9B00F299F7 /* Release */,
			);
			defaultConfigurationIsVisible = 0;
			defaultConfigurationName = Release;
		};
		BF1DF7D01D209E9B00F299F7 /* Build configuration list for PBXNativeTarget "wakeMeUp2UITests" */ = {
			isa = XCConfigurationList;
			buildConfigurations = (
				BF1DF7D11D209E9B00F299F7 /* Debug */,
				BF1DF7D21D209E9B00F299F7 /* Release */,
			);
			defaultConfigurationIsVisible = 0;
			defaultConfigurationName = Release;
		};
/* End XCConfigurationList section */

/* Begin XCVersionGroup section */
		BF1DF7A91D209E9A00F299F7 /* wakeMeUp2.xcdatamodeld */ = {
			isa = XCVersionGroup;
			children = (
				BF1DF7AA1D209E9A00F299F7 /* wakeMeUp2.xcdatamodel */,
			);
			currentVersion = BF1DF7AA1D209E9A00F299F7 /* wakeMeUp2.xcdatamodel */;
			path = wakeMeUp2.xcdatamodeld;
			sourceTree = "<group>";
			versionGroupType = wrapper.xcdatamodel;
		};
/* End XCVersionGroup section */
	};
	rootObject = BF1DF7971D209E9A00F299F7 /* Project object */;
}
