// !$*UTF8*$!
{
	archiveVersion = 1;
	classes = {
	};
	objectVersion = 46;
	objects = {

/* Begin PBXBuildFile section */
		BF1DF7A31D209E9A00F299F7 /* AppDelegate.swift in Sources */ = {isa = PBXBuildFile; fileRef = BF1DF7A21D209E9A00F299F7 /* AppDelegate.swift */; };
		BF1DF7A51D209E9A00F299F7 /* ViewController.swift in Sources */ = {isa = PBXBuildFile; fileRef = BF1DF7A41D209E9A00F299F7 /* ViewController.swift */; };
		BF1DF7A81D209E9A00F299F7 /* Main.storyboard in Resources */ = {isa = PBXBuildFile; fileRef = BF1DF7A61D209E9A00F299F7 /* Main.storyboard */; };
		BF1DF7AB1D209E9A00F299F7 /* wakeMeUp2.xcdatamodeld in Sources */ = {isa = PBXBuildFile; fileRef = BF1DF7A91D209E9A00F299F7 /* wakeMeUp2.xcdatamodeld */; };
		BF1DF7AD1D209E9A00F299F7 /* Assets.xcassets in Resources */ = {isa = PBXBuildFile; fileRef = BF1DF7AC1D209E9A00F299F7 /* Assets.xcassets */; };
		BF1DF7B01D209E9A00F299F7 /* LaunchScreen.storyboard in Resources */ = {isa = PBXBuildFile; fileRef = BF1DF7AE1D209E9A00F299F7 /* LaunchScreen.storyboard */; };
		BF1DF7BB1D209E9A00F299F7 /* wakeMeUp2Tests.swift in Sources */ = {isa = PBXBuildFile; fileRef = BF1DF7BA1D209E9A00F299F7 /* wakeMeUp2Tests.swift */; };
		BF1DF7C61D209E9B00F299F7 /* wakeMeUp2UITests.swift in Sources */ = {isa = PBXBuildFile; fileRef = BF1DF7C51D209E9B00F299F7 /* wakeMeUp2UITests.swift */; };
/* End PBXBuildFile section */

/* Begin PBXContainerItemProxy section */
		BF1DF7B71D209E9A00F299F7 /* PBXContainerItemProxy */ = {
			isa = PBXContainerItemProxy;
			containerPortal = BF1DF7971D209E9A00F299F7 /* Project object */;
			proxyType = 1;
			remoteGlobalIDString = BF1DF79E1D209E9A00F299F7;
			remoteInfo = wakeMeUp2;
		};
		BF1DF7C21D209E9B00F299F7 /* PBXContainerItemProxy */ = {
			isa = PBXContainerItemProxy;
			containerPortal = BF1DF7971D209E9A00F299F7 /* Project object */;
			proxyType = 1;
			remoteGlobalIDString = BF1DF79E1D209E9A00F299F7;
			remoteInfo = wakeMeUp2;
		};
/* End PBXContainerItemProxy section */

/* Begin PBXFileReference section */
		BF1DF79F1D209E9A00F299F7 /* wakeMeUp2.app */ = {isa = PBXFileReference; explicitFileType = wrapper.application; includeInIndex = 0; path = wakeMeUp2.app; sourceTree = BUILT_PRODUCTS_DIR; };
		BF1DF7A21D209E9A00F299F7 /* AppDelegate.swift */ = {isa = PBXFileReference; lastKnownFileType = sourcecode.swift; path = AppDelegate.swift; sourceTree = "<group>"; };
		BF1DF7A41D209E9A00F299F7 /* ViewController.swift */ = {isa = PBXFileReference; lastKnownFileType = sourcecode.swift; path = ViewController.swift; sourceTree = "<group>"; };
		BF1DF7A71D209E9A00F299F7 /* Base */ = {isa = PBXFileReference; lastKnownFileType = file.storyboard; name = Base; path = Base.lproj/Main.storyboard; sourceTree = "<group>"; };
		BF1DF7AA1D209E9A00F299F7 /* wakeMeUp2.xcdatamodel */ = {isa = PBXFileReference; lastKnownFileType = wrapper.xcdatamodel; path = wakeMeUp2.xcdatamodel; sourceTree = "<group>"; };
		BF1DF7AC1D209E9A00F299F7 /* Assets.xcassets */ = {isa = PBXFileReference; lastKnownFileType = folder.assetcatalog; path = Assets.xcassets; sourceTree = "<group>"; };
		BF1DF7AF1D209E9A00F299F7 /* Base */ = {isa = PBXFileReference; lastKnownFileType = file.storyboard; name = Base; path = Base.lproj/LaunchScreen.storyboard; sourceTree = "<group>"; };
		BF1DF7B11D209E9A00F299F7 /* Info.plist */ = {isa = PBXFileReference; lastKnownFileType = text.plist.xml; path = Info.plist; sourceTree = "<group>"; };
		BF1DF7B61D209E9A00F299F7 /* wakeMeUp2Tests.xctest */ = {isa = PBXFileReference; explicitFileType = wrapper.cfbundle; includeInIndex = 0; path = wakeMeUp2Tests.xctest; sourceTree = BUILT_PRODUCTS_DIR; };
		BF1DF7BA1D209E9A00F299F7 /* wakeMeUp2Tests.swift */ = {isa = PBXFileReference; lastKnownFileType = sourcecode.swift; path = wakeMeUp2Tests.swift; sourceTree = "<group>"; };
		BF1DF7BC1D209E9A00F299F7 /* Info.plist */ = {isa = PBXFileReference; lastKnownFileType = text.plist.xml; path = Info.plist; sourceTree = "<group>"; };
		BF1DF7C11D209E9B00F299F7 /* wakeMeUp2UITests.xctest */ = {isa = PBXFileReference; explicitFileType = wrapper.cfbundle; includeInIndex = 0; path = wakeMeUp2UITests.xctest; sourceTree = BUILT_PRODUCTS_DIR; };
		BF1DF7C51D209E9B00F299F7 /* wakeMeUp2UITests.swift */ = {isa = PBXFileReference; lastKnownFileType = sourcecode.swift; path = wakeMeUp2UITests.swift; sourceTree = "<group>"; };
		BF1DF7C71D209E9B00F299F7 /* Info.plist */ = {isa = PBXFileReference; lastKnownFileType = text.plist.xml; path = Info.plist; sourceTree = "<group>"; };
/* End PBXFileReference section */

/* Begin PBXFrameworksBuildPhase section */
		BF1DF79C1D209E9A00F299F7 /* Frameworks */ = {
			isa = PBXFrameworksBuildPhase;
			buildActionMask = 2147483647;
			files = (
			);
			runOnlyForDeploymentPostprocessing = 0;
		};
		BF1DF7B31D209E9A00F299F7 /* Frameworks */ = {
			isa = PBXFrameworksBuildPhase;
			buildActionMask = 2147483647;
			files = (
			);
			runOnlyForDeploymentPostprocessing = 0;
		};
		BF1DF7BE1D209E9B00F299F7 /* Frameworks */ = {
			isa = PBXFrameworksBuildPhase;
			buildActionMask = 2147483647;
			files = (
			);
			runOnlyForDeploymentPostprocessing = 0;
		};
/* End PBXFrameworksBuildPhase section */

/* Begin PBXGroup section */
		BF1DF7961D209E9A00F299F7 = {
			isa = PBXGroup;
			children = (
				BF1DF7A11D209E9A00F299F7 /* wakeMeUp2 */,
				BF1DF7B91D209E9A00F299F7 /* wakeMeUp2Tests */,
				BF1DF7C41D209E9B00F299F7 /* wakeMeUp2UITests */,
				BF1DF7A01D209E9A00F299F7 /* Products */,
			);
			sourceTree = "<group>";
		};
		BF1DF7A01D209E9A00F299F7 /* Products */ = {
			isa = PBXGroup;
			children = (
				BF1DF79F1D209E9A00F299F7 /* wakeMeUp2.app */,
				BF1DF7B61D209E9A00F299F7 /* wakeMeUp2Tests.xctest */,
				BF1DF7C11D209E9B00F299F7 /* wakeMeUp2UITests.xctest */,
			);
			name = Products;
			sourceTree = "<group>";
		};
		BF1DF7A11D209E9A00F299F7 /* wakeMeUp2 */ = {
			isa = PBXGroup;
			children = (
				BF1DF7A21D209E9A00F299F7 /* AppDelegate.swift */,
				BF1DF7A41D209E9A00F299F7 /* ViewController.swift */,
				BF1DF7A61D209E9A00F299F7 /* Main.storyboard */,
				BF1DF7AC1D209E9A00F299F7 /* Assets.xcassets */,
				BF1DF7AE1D209E9A00F299F7 /* LaunchScreen.storyboard */,
				BF1DF7B11D209E9A00F299F7 /* Info.plist */,
				BF1DF7A91D209E9A00F299F7 /* wakeMeUp2.xcdatamodeld */,
			);
			path = wakeMeUp2;
			sourceTree = "<group>";
		};
		BF1DF7B91D209E9A00F299F7 /* wakeMeUp2Tests */ = {
			isa = PBXGroup;
			children = (
				BF1DF7BA1D209E9A00F299F7 /* wakeMeUp2Tests.swift */,
				BF1DF7BC1D209E9A00F299F7 /* Info.plist */,
			);
			path = wakeMeUp2Tests;
			sourceTree = "<group>";
		};
		BF1DF7C41D209E9B00F299F7 /* wakeMeUp2UITests */ = {
			isa = PBXGroup;
			children = (
				BF1DF7C51D209E9B00F299F7 /* wakeMeUp2UITests.swift */,
				BF1DF7C71D209E9B00F299F7 /* Info.plist */,
			);
			path = wakeMeUp2UITests;
			sourceTree = "<group>";
		};
/* End PBXGroup section */

/* Begin PBXNativeTarget section */
		BF1DF79E1D209E9A00F299F7 /* wakeMeUp2 */ = {
			isa = PBXNativeTarget;
			buildConfigurationList = BF1DF7CA1D209E9B00F299F7 /* Build configuration list for PBXNativeTarget "wakeMeUp2" */;
			buildPhases = (
				BF1DF79B1D209E9A00F299F7 /* Sources */,
				BF1DF79C1D209E9A00F299F7 /* Frameworks */,
				BF1DF79D1D209E9A00F299F7 /* Resources */,
			);
			buildRules = (
			);
			dependencies = (
			);
			name = wakeMeUp2;
			productName = wakeMeUp2;
			productReference = BF1DF79F1D209E9A00F299F7 /* wakeMeUp2.app */;
			productType = "com.apple.product-type.application";
		};
		BF1DF7B51D209E9A00F299F7 /* wakeMeUp2Tests */ = {
			isa = PBXNativeTarget;
			buildConfigurationList = BF1DF7CD1D209E9B00F299F7 /* Build configuration list for PBXNativeTarget "wakeMeUp2Tests" */;
			buildPhases = (
				BF1DF7B21D209E9A00F299F7 /* Sources */,
				BF1DF7B31D209E9A00F299F7 /* Frameworks */,
				BF1DF7B41D209E9A00F299F7 /* Resources */,
			);
			buildRules = (
			);
			dependencies = (
				BF1DF7B81D209E9A00F299F7 /* PBXTargetDependency */,
			);
			name = wakeMeUp2Tests;
			productName = wakeMeUp2Tests;
			productReference = BF1DF7B61D209E9A00F299F7 /* wakeMeUp2Tests.xctest */;
			productType = "com.apple.product-type.bundle.unit-test";
		};
		BF1DF7C01D209E9B00F299F7 /* wakeMeUp2UITests */ = {
			isa = PBXNativeTarget;
			buildConfigurationList = BF1DF7D01D209E9B00F299F7 /* Build configuration list for PBXNativeTarget "wakeMeUp2UITests" */;
			buildPhases = (
				BF1DF7BD1D209E9B00F299F7 /* Sources */,
				BF1DF7BE1D209E9B00F299F7 /* Frameworks */,
				BF1DF7BF1D209E9B00F299F7 /* Resources */,
			);
			buildRules = (
			);
			dependencies = (
				BF1DF7C31D209E9B00F299F7 /* PBXTargetDependency */,
			);
			name = wakeMeUp2UITests;
			productName = wakeMeUp2UITests;
			productReference = BF1DF7C11D209E9B00F299F7 /* wakeMeUp2UITests.xctest */;
			productType = "com.apple.product-type.bundle.ui-testing";
		};
/* End PBXNativeTarget section */

/* Begin PBXProject section */
		BF1DF7971D209E9A00F299F7 /* Project object */ = {
			isa = PBXProject;
			attributes = {
				LastSwiftUpdateCheck = 0730;
				LastUpgradeCheck = 0730;
				ORGANIZATIONNAME = "vicente rodriguez";
				TargetAttributes = {
					BF1DF79E1D209E9A00F299F7 = {
						CreatedOnToolsVersion = 7.3.1;
						DevelopmentTeam = BJRVSDXBD2;
					};
					BF1DF7B51D209E9A00F299F7 = {
						CreatedOnToolsVersion = 7.3.1;
						DevelopmentTeam = BJRVSDXBD2;
						TestTargetID = BF1DF79E1D209E9A00F299F7;
					};
					BF1DF7C01D209E9B00F299F7 = {
						CreatedOnToolsVersion = 7.3.1;
						DevelopmentTeam = BJRVSDXBD2;
						TestTargetID = BF1DF79E1D209E9A00F299F7;
					};
				};
			};
			buildConfigurationList = BF1DF79A1D209E9A00F299F7 /* Build configuration list for PBXProject "wakeMeUp2" */;
			compatibilityVersion = "Xcode 3.2";
			developmentRegion = English;
			hasScannedForEncodings = 0;
			knownRegions = (
				en,
				Base,
			);
			mainGroup = BF1DF7961D209E9A00F299F7;
			productRefGroup = BF1DF7A01D209E9A00F299F7 /* Products */;
			projectDirPath = "";
			projectRoot = "";
			targets = (
				BF1DF79E1D209E9A00F299F7 /* wakeMeUp2 */,
				BF1DF7B51D209E9A00F299F7 /* wakeMeUp2Tests */,
				BF1DF7C01D209E9B00F299F7 /* wakeMeUp2UITests */,
			);
		};
/* End PBXProject section */

/* Begin PBXResourcesBuildPhase section */
		BF1DF79D1D209E9A00F299F7 /* Resources */ = {
			isa = PBXResourcesBuildPhase;
			buildActionMask = 2147483647;
			files = (
				BF1DF7B01D209E9A00F299F7 /* LaunchScreen.storyboard in Resources */,
				BF1DF7AD1D209E9A00F299F7 /* Assets.xcassets in Resources */,
				BF1DF7A81D209E9A00F299F7 /* Main.storyboard in Resources */,
			);
			runOnlyForDeploymentPostprocessing = 0;
		};
		BF1DF7B41D209E9A00F299F7 /* Resources */ = {
			isa = PBXResourcesBuildPhase;
			buildActionMask = 2147483647;
			files = (
			);
			runOnlyForDeploymentPostprocessing = 0;
		};
		BF1DF7BF1D209E9B00F299F7 /* Resources */ = {
			isa = PBXResourcesBuildPhase;
			buildActionMask = 2147483647;
			files = (
			);
			runOnlyForDeploymentPostprocessing = 0;
		};
/* End PBXResourcesBuildPhase section */

/* Begin PBXSourcesBuildPhase section */
		BF1DF79B1D209E9A00F299F7 /* Sources */ = {
			isa = PBXSourcesBuildPhase;
			buildActionMask = 2147483647;
			files = (
				BF1DF7A51D209E9A00F299F7 /* ViewController.swift in Sources */,
				BF1DF7AB1D209E9A00F299F7 /* wakeMeUp2.xcdatamodeld in Sources */,
				BF1DF7A31D209E9A00F299F7 /* AppDelegate.swift in Sources */,
			);
			runOnlyForDeploymentPostprocessing = 0;
		};
		BF1DF7B21D209E9A00F299F7 /* Sources */ = {
			isa = PBXSourcesBuildPhase;
			buildActionMask = 2147483647;
			files = (
				BF1DF7BB1D209E9A00F299F7 /* wakeMeUp2Tests.swift in Sources */,
			);
			runOnlyForDeploymentPostprocessing = 0;
		};
		BF1DF7BD1D209E9B00F299F7 /* Sources */ = {
			isa = PBXSourcesBuildPhase;
			buildActionMask = 2147483647;
			files = (
				BF1DF7C61D209E9B00F299F7 /* wakeMeUp2UITests.swift in Sources */,
			);
			runOnlyForDeploymentPostprocessing = 0;
		};
/* End PBXSourcesBuildPhase section */

/* Begin PBXTargetDependency section */
		BF1DF7B81D209E9A00F299F7 /* PBXTargetDependency */ = {
			isa = PBXTargetDependency;
			target = BF1DF79E1D209E9A00F299F7 /* wakeMeUp2 */;
			targetProxy = BF1DF7B71D209E9A00F299F7 /* PBXContainerItemProxy */;
		};
		BF1DF7C31D209E9B00F299F7 /* PBXTargetDependency */ = {
			isa = PBXTargetDependency;
			target = BF1DF79E1D209E9A00F299F7 /* wakeMeUp2 */;
			targetProxy = BF1DF7C21D209E9B00F299F7 /* PBXContainerItemProxy */;
		};
/* End PBXTargetDependency section */

/* Begin PBXVariantGroup section */
		BF1DF7A61D209E9A00F299F7 /* Main.storyboard */ = {
			isa = PBXVariantGroup;
			children = (
				BF1DF7A71D209E9A00F299F7 /* Base */,
			);
			name = Main.storyboard;
			sourceTree = "<group>";
		};
		BF1DF7AE1D209E9A00F299F7 /* LaunchScreen.storyboard */ = {
			isa = PBXVariantGroup;
			children = (
				BF1DF7AF1D209E9A00F299F7 /* Base */,
			);
			name = LaunchScreen.storyboard;
			sourceTree = "<group>";
		};
/* End PBXVariantGroup section */

/* Begin XCBuildConfiguration section */
		BF1DF7C81D209E9B00F299F7 /* Debug */ = {
			isa = XCBuildConfiguration;
			buildSettings = {
				ALWAYS_SEARCH_USER_PATHS = NO;
				CLANG_ANALYZER_NONNULL = YES;
				CLANG_CXX_LANGUAGE_STANDARD = "gnu++0x";
				CLANG_CXX_LIBRARY = "libc++";
				CLANG_ENABLE_MODULES = YES;
				CLANG_ENABLE_OBJC_ARC = YES;
				CLANG_WARN_BOOL_CONVERSION = YES;
				CLANG_WARN_CONSTANT_CONVERSION = YES;
				CLANG_WARN_DIRECT_OBJC_ISA_USAGE = YES_ERROR;
				CLANG_WARN_EMPTY_BODY = YES;
				CLANG_WARN_ENUM_CONVERSION = YES;
				CLANG_WARN_INT_CONVERSION = YES;
				CLANG_WARN_OBJC_ROOT_CLASS = YES_ERROR;
				CLANG_WARN_UNREACHABLE_CODE = YES;
				CLANG_WARN__DUPLICATE_METHOD_MATCH = YES;
				"CODE_SIGN_IDENTITY[sdk=iphoneos*]" = "iPhone Developer";
				COPY_PHASE_STRIP = NO;
				DEBUG_INFORMATION_FORMAT = dwarf;
				ENABLE_STRICT_OBJC_MSGSEND = YES;
				ENABLE_TESTABILITY = YES;
				GCC_C_LANGUAGE_STANDARD = gnu99;
				GCC_DYNAMIC_NO_PIC = NO;
				GCC_NO_COMMON_BLOCKS = YES;
				GCC_OPTIMIZATION_LEVEL = 0;
				GCC_PREPROCESSOR_DEFINITIONS = (
					"DEBUG=1",
					"$(inherited)",
				);
				GCC_WARN_64_TO_32_BIT_CONVERSION = YES;
				GCC_WARN_ABOUT_RETURN_TYPE = YES_ERROR;
				GCC_WARN_UNDECLARED_SELECTOR = YES;
				GCC_WARN_UNINITIALIZED_AUTOS = YES_AGGRESSIVE;
				GCC_WARN_UNUSED_FUNCTION = YES;
				GCC_WARN_UNUSED_VARIABLE = YES;
				IPHONEOS_DEPLOYMENT_TARGET = 9.3;
				MTL_ENABLE_DEBUG_INFO = YES;
				ONLY_ACTIVE_ARCH = YES;
				SDKROOT = iphoneos;
				SWIFT_OPTIMIZATION_LEVEL = "-Onone";
				TARGETED_DEVICE_FAMILY = "1,2";
			};
			name = Debug;
		};
		BF1DF7C91D209E9B00F299F7 /* Release */ = {
			isa = XCBuildConfiguration;
			buildSettings = {
				ALWAYS_SEARCH_USER_PATHS = NO;
				CLANG_ANALYZER_NONNULL = YES;
				CLANG_CXX_LANGUAGE_STANDARD = "gnu++0x";
				CLANG_CXX_LIBRARY = "libc++";
				CLANG_ENABLE_MODULES = YES;
				CLANG_ENABLE_OBJC_ARC = YES;
				CLANG_WARN_BOOL_CONVERSION = YES;
				CLANG_WARN_CONSTANT_CONVERSION = YES;
				CLANG_WARN_DIRECT_OBJC_ISA_USAGE = YES_ERROR;
				CLANG_WARN_EMPTY_BODY = YES;
				CLANG_WARN_ENUM_CONVERSION = YES;
				CLANG_WARN_INT_CONVERSION = YES;
				CLANG_WARN_OBJC_ROOT_CLASS = YES_ERROR;
				CLANG_WARN_UNREACHABLE_CODE = YES;
				CLANG_WARN__DUPLICATE_METHOD_MATCH = YES;
				"CODE_SIGN_IDENTITY[sdk=iphoneos*]" = "iPhone Developer";
				COPY_PHASE_STRIP = NO;
				DEBUG_INFORMATION_FORMAT = "dwarf-with-dsym";
				ENABLE_NS_ASSERTIONS = NO;
				ENABLE_STRICT_OBJC_MSGSEND = YES;
				GCC_C_LANGUAGE_STANDARD = gnu99;
				GCC_NO_COMMON_BLOCKS = YES;
				GCC_WARN_64_TO_32_BIT_CONVERSION = YES;
				GCC_WARN_ABOUT_RETURN_TYPE = YES_ERROR;
				GCC_WARN_UNDECLARED_SELECTOR = YES;
				GCC_WARN_UNINITIALIZED_AUTOS = YES_AGGRESSIVE;
				GCC_WARN_UNUSED_FUNCTION = YES;
				GCC_WARN_UNUSED_VARIABLE = YES;
				IPHONEOS_DEPLOYMENT_TARGET = 9.3;
				MTL_ENABLE_DEBUG_INFO = NO;
				SDKROOT = iphoneos;
				TARGETED_DEVICE_FAMILY = "1,2";
				VALIDATE_PRODUCT = YES;
			};
			name = Release;
		};
		BF1DF7CB1D209E9B00F299F7 /* Debug */ = {
			isa = XCBuildConfiguration;
			buildSettings = {
				ASSETCATALOG_COMPILER_APPICON_NAME = AppIcon;
				INFOPLIST_FILE = wakeMeUp2/Info.plist;
				LD_RUNPATH_SEARCH_PATHS = "$(inherited) @executable_path/Frameworks";
				PRODUCT_BUNDLE_IDENTIFIER = com.vicenterodriguez.wakeMeUp2;
				PRODUCT_NAME = "$(TARGET_NAME)";
			};
			name = Debug;
		};
		BF1DF7CC1D209E9B00F299F7 /* Release */ = {
			isa = XCBuildConfiguration;
			buildSettings = {
				ASSETCATALOG_COMPILER_APPICON_NAME = AppIcon;
				INFOPLIST_FILE = wakeMeUp2/Info.plist;
				LD_RUNPATH_SEARCH_PATHS = "$(inherited) @executable_path/Frameworks";
				PRODUCT_BUNDLE_IDENTIFIER = com.vicenterodriguez.wakeMeUp2;
				PRODUCT_NAME = "$(TARGET_NAME)";
			};
			name = Release;
		};
		BF1DF7CE1D209E9B00F299F7 /* Debug */ = {
			isa = XCBuildConfiguration;
			buildSettings = {
				BUNDLE_LOADER = "$(TEST_HOST)";
				INFOPLIST_FILE = wakeMeUp2Tests/Info.plist;
				LD_RUNPATH_SEARCH_PATHS = "$(inherited) @executable_path/Frameworks @loader_path/Frameworks";
				PRODUCT_BUNDLE_IDENTIFIER = com.vicenterodriguez.wakeMeUp2Tests;
				PRODUCT_NAME = "$(TARGET_NAME)";
				TEST_HOST = "$(BUILT_PRODUCTS_DIR)/wakeMeUp2.app/wakeMeUp2";
			};
			name = Debug;
		};
		BF1DF7CF1D209E9B00F299F7 /* Release */ = {
			isa = XCBuildConfiguration;
			buildSettings = {
				BUNDLE_LOADER = "$(TEST_HOST)";
				INFOPLIST_FILE = wakeMeUp2Tests/Info.plist;
				LD_RUNPATH_SEARCH_PATHS = "$(inherited) @executable_path/Frameworks @loader_path/Frameworks";
				PRODUCT_BUNDLE_IDENTIFIER = com.vicenterodriguez.wakeMeUp2Tests;
				PRODUCT_NAME = "$(TARGET_NAME)";
				TEST_HOST = "$(BUILT_PRODUCTS_DIR)/wakeMeUp2.app/wakeMeUp2";
			};
			name = Release;
		};
		BF1DF7D11D209E9B00F299F7 /* Debug */ = {
			isa = XCBuildConfiguration;
			buildSettings = {
				INFOPLIST_FILE = wakeMeUp2UITests/Info.plist;
				LD_RUNPATH_SEARCH_PATHS = "$(inherited) @executable_path/Frameworks @loader_path/Frameworks";
				PRODUCT_BUNDLE_IDENTIFIER = com.vicenterodriguez.wakeMeUp2UITests;
				PRODUCT_NAME = "$(TARGET_NAME)";
				TEST_TARGET_NAME = wakeMeUp2;
			};
			name = Debug;
		};
		BF1DF7D21D209E9B00F299F7 /* Release */ = {
			isa = XCBuildConfiguration;
			buildSettings = {
				INFOPLIST_FILE = wakeMeUp2UITests/Info.plist;
				LD_RUNPATH_SEARCH_PATHS = "$(inherited) @executable_path/Frameworks @loader_path/Frameworks";
				PRODUCT_BUNDLE_IDENTIFIER = com.vicenterodriguez.wakeMeUp2UITests;
				PRODUCT_NAME = "$(TARGET_NAME)";
				TEST_TARGET_NAME = wakeMeUp2;
			};
			name = Release;
		};
/* End XCBuildConfiguration section */

/* Begin XCConfigurationList section */
		BF1DF79A1D209E9A00F299F7 /* Build configuration list for PBXProject "wakeMeUp2" */ = {
			isa = XCConfigurationList;
			buildConfigurations = (
				BF1DF7C81D209E9B00F299F7 /* Debug */,
				BF1DF7C91D209E9B00F299F7 /* Release */,
			);
			defaultConfigurationIsVisible = 0;
			defaultConfigurationName = Release;
		};
		BF1DF7CA1D209E9B00F299F7 /* Build configuration list for PBXNativeTarget "wakeMeUp2" */ = {
			isa = XCConfigurationList;
			buildConfigurations = (
				BF1DF7CB1D209E9B00F299F7 /* Debug */,
				BF1DF7CC1D209E9B00F299F7 /* Release */,
			);
			defaultConfigurationIsVisible = 0;
		};
		BF1DF7CD1D209E9B00F299F7 /* Build configuration list for PBXNativeTarget "wakeMeUp2Tests" */ = {
			isa = XCConfigurationList;
			buildConfigurations = (
				BF1DF7CE1D209E9B00F299F7 /* Debug */,
				BF1DF7CF1D209E9B00F299F7 /* Release */,
			);
			defaultConfigurationIsVisible = 0;
		};
		BF1DF7D01D209E9B00F299F7 /* Build configuration list for PBXNativeTarget "wakeMeUp2UITests" */ = {
			isa = XCConfigurationList;
			buildConfigurations = (
				BF1DF7D11D209E9B00F299F7 /* Debug */,
				BF1DF7D21D209E9B00F299F7 /* Release */,
			);
			defaultConfigurationIsVisible = 0;
		};
/* End XCConfigurationList section */

/* Begin XCVersionGroup section */
		BF1DF7A91D209E9A00F299F7 /* wakeMeUp2.xcdatamodeld */ = {
			isa = XCVersionGroup;
			children = (
				BF1DF7AA1D209E9A00F299F7 /* wakeMeUp2.xcdatamodel */,
			);
			currentVersion = BF1DF7AA1D209E9A00F299F7 /* wakeMeUp2.xcdatamodel */;
			path = wakeMeUp2.xcdatamodeld;
			sourceTree = "<group>";
			versionGroupType = wrapper.xcdatamodel;
		};
/* End XCVersionGroup section */
	};
	rootObject = BF1DF7971D209E9A00F299F7 /* Project object */;
}
